
Microsoft Visual Studio Solution File, Format Version 12.00
# Visual Studio Version 16
VisualStudioVersion = 16.0.31410.357
MinimumVisualStudioVersion = 10.0.40219.1
Project("{FAE04EC0-301F-11D3-BF4B-00C04F79EFBC}") = "AutomationFramework", "AutomationFramework\AutomationFramework.csproj", "{ECF31B56-86EF-434E-A210-65AADF484D4B}"
EndProject
Global
	GlobalSection(SolutionConfigurationPlatforms) = preSolution
		Debug|Any CPU = Debug|Any CPU
		Release|Any CPU = Release|Any CPU
	EndGlobalSection
	GlobalSection(ProjectConfigurationPlatforms) = postSolution
		{ECF31B56-86EF-434E-A210-65AADF484D4B}.Debug|Any CPU.ActiveCfg = Debug|Any CPU
		{ECF31B56-86EF-434E-A210-65AADF484D4B}.Debug|Any CPU.Build.0 = Debug|Any CPU
		{ECF31B56-86EF-434E-A210-65AADF484D4B}.Release|Any CPU.ActiveCfg = Release|Any CPU
		{ECF31B56-86EF-434E-A210-65AADF484D4B}.Release|Any CPU.Build.0 = Release|Any CPU
	EndGlobalSection
	GlobalSection(SolutionProperties) = preSolution
		HideSolutionNode = FALSE
	EndGlobalSection
	GlobalSection(ExtensibilityGlobals) = postSolution
		SolutionGuid = {06BCE0BF-C436-4A19-9076-4E32ED76EA5D}
	EndGlobalSection
EndGlobal
